// !$*UTF8*$!
{
	archiveVersion = 1;
	classes = {
	};
	objectVersion = 56;
	objects = {

/* Begin PBXBuildFile section */
		AC5147822A28FF9B000CF39D /* Route.swift in Sources */ = {isa = PBXBuildFile; fileRef = AC5147812A28FF9B000CF39D /* Route.swift */; };
		AC5147842A28FFE2000CF39D /* Card.swift in Sources */ = {isa = PBXBuildFile; fileRef = AC5147832A28FFE2000CF39D /* Card.swift */; };
		AC5147862A29003A000CF39D /* Subviews.swift in Sources */ = {isa = PBXBuildFile; fileRef = AC5147852A29003A000CF39D /* Subviews.swift */; };
		AC7CC64D2A1EA988007EF962 /* OnReceiveView.swift in Sources */ = {isa = PBXBuildFile; fileRef = AC7CC64C2A1EA988007EF962 /* OnReceiveView.swift */; };
		AC7CC64F2A1EB4C0007EF962 /* ChangeView.swift in Sources */ = {isa = PBXBuildFile; fileRef = AC7CC64E2A1EB4C0007EF962 /* ChangeView.swift */; };
		AC7CC6512A1FAC2B007EF962 /* MyNavView.swift in Sources */ = {isa = PBXBuildFile; fileRef = AC7CC6502A1FAC2B007EF962 /* MyNavView.swift */; };
		ACE94F902A1D2B0C0028E20B /* OpenSwiftUIViewFromAppDelegateApp.swift in Sources */ = {isa = PBXBuildFile; fileRef = ACE94F8F2A1D2B0C0028E20B /* OpenSwiftUIViewFromAppDelegateApp.swift */; };
		ACE94F922A1D2B0C0028E20B /* DeprecatedNavigationView.swift in Sources */ = {isa = PBXBuildFile; fileRef = ACE94F912A1D2B0C0028E20B /* DeprecatedNavigationView.swift */; };
		ACE94F942A1D2B0D0028E20B /* Assets.xcassets in Resources */ = {isa = PBXBuildFile; fileRef = ACE94F932A1D2B0D0028E20B /* Assets.xcassets */; };
		ACE94F972A1D2B0D0028E20B /* Preview Assets.xcassets in Resources */ = {isa = PBXBuildFile; fileRef = ACE94F962A1D2B0D0028E20B /* Preview Assets.xcassets */; };
		ACE94FA12A1D2B0D0028E20B /* OpenSwiftUIViewFromAppDelegateTests.swift in Sources */ = {isa = PBXBuildFile; fileRef = ACE94FA02A1D2B0D0028E20B /* OpenSwiftUIViewFromAppDelegateTests.swift */; };
		ACE94FAB2A1D2B0D0028E20B /* OpenSwiftUIViewFromAppDelegateUITests.swift in Sources */ = {isa = PBXBuildFile; fileRef = ACE94FAA2A1D2B0D0028E20B /* OpenSwiftUIViewFromAppDelegateUITests.swift */; };
		ACE94FAD2A1D2B0D0028E20B /* OpenSwiftUIViewFromAppDelegateUITestsLaunchTests.swift in Sources */ = {isa = PBXBuildFile; fileRef = ACE94FAC2A1D2B0D0028E20B /* OpenSwiftUIViewFromAppDelegateUITestsLaunchTests.swift */; };
		ACE94FBA2A1D2B4C0028E20B /* AppState.swift in Sources */ = {isa = PBXBuildFile; fileRef = ACE94FB92A1D2B4C0028E20B /* AppState.swift */; };
		ACE94FBC2A1D2BA40028E20B /* AppDelegate.swift in Sources */ = {isa = PBXBuildFile; fileRef = ACE94FBB2A1D2BA40028E20B /* AppDelegate.swift */; };
		ACE94FBE2A1D35980028E20B /* Dest.swift in Sources */ = {isa = PBXBuildFile; fileRef = ACE94FBD2A1D35980028E20B /* Dest.swift */; };
		ACE94FC12A1D40050028E20B /* AppleColorView.swift in Sources */ = {isa = PBXBuildFile; fileRef = ACE94FC02A1D40050028E20B /* AppleColorView.swift */; };
		ACE94FC32A1D55A20028E20B /* ColorDetail.swift in Sources */ = {isa = PBXBuildFile; fileRef = ACE94FC22A1D55A20028E20B /* ColorDetail.swift */; };
		ACE94FC52A1D5D2C0028E20B /* SelectionBasedNavView.swift in Sources */ = {isa = PBXBuildFile; fileRef = ACE94FC42A1D5D2C0028E20B /* SelectionBasedNavView.swift */; };
/* End PBXBuildFile section */

/* Begin PBXContainerItemProxy section */
		ACE94F9D2A1D2B0D0028E20B /* PBXContainerItemProxy */ = {
			isa = PBXContainerItemProxy;
			containerPortal = ACE94F842A1D2B0C0028E20B /* Project object */;
			proxyType = 1;
			remoteGlobalIDString = ACE94F8B2A1D2B0C0028E20B;
			remoteInfo = OpenSwiftUIViewFromAppDelegate;
		};
		ACE94FA72A1D2B0D0028E20B /* PBXContainerItemProxy */ = {
			isa = PBXContainerItemProxy;
			containerPortal = ACE94F842A1D2B0C0028E20B /* Project object */;
			proxyType = 1;
			remoteGlobalIDString = ACE94F8B2A1D2B0C0028E20B;
			remoteInfo = OpenSwiftUIViewFromAppDelegate;
		};
/* End PBXContainerItemProxy section */

/* Begin PBXFileReference section */
		AC5147812A28FF9B000CF39D /* Route.swift */ = {isa = PBXFileReference; lastKnownFileType = sourcecode.swift; path = Route.swift; sourceTree = "<group>"; };
		AC5147832A28FFE2000CF39D /* Card.swift */ = {isa = PBXFileReference; lastKnownFileType = sourcecode.swift; path = Card.swift; sourceTree = "<group>"; };
		AC5147852A29003A000CF39D /* Subviews.swift */ = {isa = PBXFileReference; lastKnownFileType = sourcecode.swift; path = Subviews.swift; sourceTree = "<group>"; };
		AC7CC64C2A1EA988007EF962 /* OnReceiveView.swift */ = {isa = PBXFileReference; lastKnownFileType = sourcecode.swift; path = OnReceiveView.swift; sourceTree = "<group>"; };
		AC7CC64E2A1EB4C0007EF962 /* ChangeView.swift */ = {isa = PBXFileReference; lastKnownFileType = sourcecode.swift; path = ChangeView.swift; sourceTree = "<group>"; };
		AC7CC6502A1FAC2B007EF962 /* MyNavView.swift */ = {isa = PBXFileReference; lastKnownFileType = sourcecode.swift; path = MyNavView.swift; sourceTree = "<group>"; };
		ACE94F8C2A1D2B0C0028E20B /* OpenSwiftUIViewFromAppDelegate.app */ = {isa = PBXFileReference; explicitFileType = wrapper.application; includeInIndex = 0; path = OpenSwiftUIViewFromAppDelegate.app; sourceTree = BUILT_PRODUCTS_DIR; };
		ACE94F8F2A1D2B0C0028E20B /* OpenSwiftUIViewFromAppDelegateApp.swift */ = {isa = PBXFileReference; lastKnownFileType = sourcecode.swift; path = OpenSwiftUIViewFromAppDelegateApp.swift; sourceTree = "<group>"; };
		ACE94F912A1D2B0C0028E20B /* DeprecatedNavigationView.swift */ = {isa = PBXFileReference; lastKnownFileType = sourcecode.swift; path = DeprecatedNavigationView.swift; sourceTree = "<group>"; };
		ACE94F932A1D2B0D0028E20B /* Assets.xcassets */ = {isa = PBXFileReference; lastKnownFileType = folder.assetcatalog; path = Assets.xcassets; sourceTree = "<group>"; };
		ACE94F962A1D2B0D0028E20B /* Preview Assets.xcassets */ = {isa = PBXFileReference; lastKnownFileType = folder.assetcatalog; path = "Preview Assets.xcassets"; sourceTree = "<group>"; };
		ACE94F9C2A1D2B0D0028E20B /* OpenSwiftUIViewFromAppDelegateTests.xctest */ = {isa = PBXFileReference; explicitFileType = wrapper.cfbundle; includeInIndex = 0; path = OpenSwiftUIViewFromAppDelegateTests.xctest; sourceTree = BUILT_PRODUCTS_DIR; };
		ACE94FA02A1D2B0D0028E20B /* OpenSwiftUIViewFromAppDelegateTests.swift */ = {isa = PBXFileReference; lastKnownFileType = sourcecode.swift; path = OpenSwiftUIViewFromAppDelegateTests.swift; sourceTree = "<group>"; };
		ACE94FA62A1D2B0D0028E20B /* OpenSwiftUIViewFromAppDelegateUITests.xctest */ = {isa = PBXFileReference; explicitFileType = wrapper.cfbundle; includeInIndex = 0; path = OpenSwiftUIViewFromAppDelegateUITests.xctest; sourceTree = BUILT_PRODUCTS_DIR; };
		ACE94FAA2A1D2B0D0028E20B /* OpenSwiftUIViewFromAppDelegateUITests.swift */ = {isa = PBXFileReference; lastKnownFileType = sourcecode.swift; path = OpenSwiftUIViewFromAppDelegateUITests.swift; sourceTree = "<group>"; };
		ACE94FAC2A1D2B0D0028E20B /* OpenSwiftUIViewFromAppDelegateUITestsLaunchTests.swift */ = {isa = PBXFileReference; lastKnownFileType = sourcecode.swift; path = OpenSwiftUIViewFromAppDelegateUITestsLaunchTests.swift; sourceTree = "<group>"; };
		ACE94FB92A1D2B4C0028E20B /* AppState.swift */ = {isa = PBXFileReference; lastKnownFileType = sourcecode.swift; path = AppState.swift; sourceTree = "<group>"; };
		ACE94FBB2A1D2BA40028E20B /* AppDelegate.swift */ = {isa = PBXFileReference; lastKnownFileType = sourcecode.swift; path = AppDelegate.swift; sourceTree = "<group>"; };
		ACE94FBD2A1D35980028E20B /* Dest.swift */ = {isa = PBXFileReference; lastKnownFileType = sourcecode.swift; path = Dest.swift; sourceTree = "<group>"; };
		ACE94FBF2A1D37AB0028E20B /* README.md */ = {isa = PBXFileReference; lastKnownFileType = net.daringfireball.markdown; path = README.md; sourceTree = "<group>"; };
		ACE94FC02A1D40050028E20B /* AppleColorView.swift */ = {isa = PBXFileReference; lastKnownFileType = sourcecode.swift; path = AppleColorView.swift; sourceTree = "<group>"; };
		ACE94FC22A1D55A20028E20B /* ColorDetail.swift */ = {isa = PBXFileReference; lastKnownFileType = sourcecode.swift; path = ColorDetail.swift; sourceTree = "<group>"; };
		ACE94FC42A1D5D2C0028E20B /* SelectionBasedNavView.swift */ = {isa = PBXFileReference; lastKnownFileType = sourcecode.swift; path = SelectionBasedNavView.swift; sourceTree = "<group>"; };
/* End PBXFileReference section */

/* Begin PBXFrameworksBuildPhase section */
		ACE94F892A1D2B0C0028E20B /* Frameworks */ = {
			isa = PBXFrameworksBuildPhase;
			buildActionMask = 2147483647;
			files = (
			);
			runOnlyForDeploymentPostprocessing = 0;
		};
		ACE94F992A1D2B0D0028E20B /* Frameworks */ = {
			isa = PBXFrameworksBuildPhase;
			buildActionMask = 2147483647;
			files = (
			);
			runOnlyForDeploymentPostprocessing = 0;
		};
		ACE94FA32A1D2B0D0028E20B /* Frameworks */ = {
			isa = PBXFrameworksBuildPhase;
			buildActionMask = 2147483647;
			files = (
			);
			runOnlyForDeploymentPostprocessing = 0;
		};
/* End PBXFrameworksBuildPhase section */

/* Begin PBXGroup section */
		AC51477D2A28FDEE000CF39D /* Apple */ = {
			isa = PBXGroup;
			children = (
				ACE94FC02A1D40050028E20B /* AppleColorView.swift */,
				ACE94FC22A1D55A20028E20B /* ColorDetail.swift */,
				ACE94FC42A1D5D2C0028E20B /* SelectionBasedNavView.swift */,
			);
			path = Apple;
			sourceTree = "<group>";
		};
		AC51477E2A28FE59000CF39D /* StackOverflow */ = {
			isa = PBXGroup;
			children = (
				ACE94F912A1D2B0C0028E20B /* DeprecatedNavigationView.swift */,
				ACE94FBD2A1D35980028E20B /* Dest.swift */,
				AC7CC64C2A1EA988007EF962 /* OnReceiveView.swift */,
			);
			path = StackOverflow;
			sourceTree = "<group>";
		};
		AC51477F2A28FE8C000CF39D /* MyNavStack */ = {
			isa = PBXGroup;
			children = (
				AC7CC6502A1FAC2B007EF962 /* MyNavView.swift */,
				AC5147812A28FF9B000CF39D /* Route.swift */,
				AC5147832A28FFE2000CF39D /* Card.swift */,
				AC5147852A29003A000CF39D /* Subviews.swift */,
			);
			path = MyNavStack;
			sourceTree = "<group>";
		};
		AC5147802A28FF2D000CF39D /* HackingWithSwift */ = {
			isa = PBXGroup;
			children = (
				AC7CC64E2A1EB4C0007EF962 /* ChangeView.swift */,
			);
			path = HackingWithSwift;
			sourceTree = "<group>";
		};
		ACE94F832A1D2B0C0028E20B = {
			isa = PBXGroup;
			children = (
				ACE94FBF2A1D37AB0028E20B /* README.md */,
				ACE94F8E2A1D2B0C0028E20B /* OpenSwiftUIViewFromAppDelegate */,
				ACE94F9F2A1D2B0D0028E20B /* OpenSwiftUIViewFromAppDelegateTests */,
				ACE94FA92A1D2B0D0028E20B /* OpenSwiftUIViewFromAppDelegateUITests */,
				ACE94F8D2A1D2B0C0028E20B /* Products */,
			);
			sourceTree = "<group>";
		};
		ACE94F8D2A1D2B0C0028E20B /* Products */ = {
			isa = PBXGroup;
			children = (
				ACE94F8C2A1D2B0C0028E20B /* OpenSwiftUIViewFromAppDelegate.app */,
				ACE94F9C2A1D2B0D0028E20B /* OpenSwiftUIViewFromAppDelegateTests.xctest */,
				ACE94FA62A1D2B0D0028E20B /* OpenSwiftUIViewFromAppDelegateUITests.xctest */,
			);
			name = Products;
			sourceTree = "<group>";
		};
		ACE94F8E2A1D2B0C0028E20B /* OpenSwiftUIViewFromAppDelegate */ = {
			isa = PBXGroup;
			children = (
				AC51477F2A28FE8C000CF39D /* MyNavStack */,
				AC5147802A28FF2D000CF39D /* HackingWithSwift */,
				AC51477D2A28FDEE000CF39D /* Apple */,
				AC51477E2A28FE59000CF39D /* StackOverflow */,
				ACE94F8F2A1D2B0C0028E20B /* OpenSwiftUIViewFromAppDelegateApp.swift */,
				ACE94FB92A1D2B4C0028E20B /* AppState.swift */,
				ACE94FBB2A1D2BA40028E20B /* AppDelegate.swift */,
				ACE94F932A1D2B0D0028E20B /* Assets.xcassets */,
				ACE94F952A1D2B0D0028E20B /* Preview Content */,
			);
			path = OpenSwiftUIViewFromAppDelegate;
			sourceTree = "<group>";
		};
		ACE94F952A1D2B0D0028E20B /* Preview Content */ = {
			isa = PBXGroup;
			children = (
				ACE94F962A1D2B0D0028E20B /* Preview Assets.xcassets */,
			);
			path = "Preview Content";
			sourceTree = "<group>";
		};
		ACE94F9F2A1D2B0D0028E20B /* OpenSwiftUIViewFromAppDelegateTests */ = {
			isa = PBXGroup;
			children = (
				ACE94FA02A1D2B0D0028E20B /* OpenSwiftUIViewFromAppDelegateTests.swift */,
			);
			path = OpenSwiftUIViewFromAppDelegateTests;
			sourceTree = "<group>";
		};
		ACE94FA92A1D2B0D0028E20B /* OpenSwiftUIViewFromAppDelegateUITests */ = {
			isa = PBXGroup;
			children = (
				ACE94FAA2A1D2B0D0028E20B /* OpenSwiftUIViewFromAppDelegateUITests.swift */,
				ACE94FAC2A1D2B0D0028E20B /* OpenSwiftUIViewFromAppDelegateUITestsLaunchTests.swift */,
			);
			path = OpenSwiftUIViewFromAppDelegateUITests;
			sourceTree = "<group>";
		};
/* End PBXGroup section */

/* Begin PBXNativeTarget section */
		ACE94F8B2A1D2B0C0028E20B /* OpenSwiftUIViewFromAppDelegate */ = {
			isa = PBXNativeTarget;
			buildConfigurationList = ACE94FB02A1D2B0D0028E20B /* Build configuration list for PBXNativeTarget "OpenSwiftUIViewFromAppDelegate" */;
			buildPhases = (
				ACE94F882A1D2B0C0028E20B /* Sources */,
				ACE94F892A1D2B0C0028E20B /* Frameworks */,
				ACE94F8A2A1D2B0C0028E20B /* Resources */,
			);
			buildRules = (
			);
			dependencies = (
			);
			name = OpenSwiftUIViewFromAppDelegate;
			productName = OpenSwiftUIViewFromAppDelegate;
			productReference = ACE94F8C2A1D2B0C0028E20B /* OpenSwiftUIViewFromAppDelegate.app */;
			productType = "com.apple.product-type.application";
		};
		ACE94F9B2A1D2B0D0028E20B /* OpenSwiftUIViewFromAppDelegateTests */ = {
			isa = PBXNativeTarget;
			buildConfigurationList = ACE94FB32A1D2B0D0028E20B /* Build configuration list for PBXNativeTarget "OpenSwiftUIViewFromAppDelegateTests" */;
			buildPhases = (
				ACE94F982A1D2B0D0028E20B /* Sources */,
				ACE94F992A1D2B0D0028E20B /* Frameworks */,
				ACE94F9A2A1D2B0D0028E20B /* Resources */,
			);
			buildRules = (
			);
			dependencies = (
				ACE94F9E2A1D2B0D0028E20B /* PBXTargetDependency */,
			);
			name = OpenSwiftUIViewFromAppDelegateTests;
			productName = OpenSwiftUIViewFromAppDelegateTests;
			productReference = ACE94F9C2A1D2B0D0028E20B /* OpenSwiftUIViewFromAppDelegateTests.xctest */;
			productType = "com.apple.product-type.bundle.unit-test";
		};
		ACE94FA52A1D2B0D0028E20B /* OpenSwiftUIViewFromAppDelegateUITests */ = {
			isa = PBXNativeTarget;
			buildConfigurationList = ACE94FB62A1D2B0D0028E20B /* Build configuration list for PBXNativeTarget "OpenSwiftUIViewFromAppDelegateUITests" */;
			buildPhases = (
				ACE94FA22A1D2B0D0028E20B /* Sources */,
				ACE94FA32A1D2B0D0028E20B /* Frameworks */,
				ACE94FA42A1D2B0D0028E20B /* Resources */,
			);
			buildRules = (
			);
			dependencies = (
				ACE94FA82A1D2B0D0028E20B /* PBXTargetDependency */,
			);
			name = OpenSwiftUIViewFromAppDelegateUITests;
			productName = OpenSwiftUIViewFromAppDelegateUITests;
			productReference = ACE94FA62A1D2B0D0028E20B /* OpenSwiftUIViewFromAppDelegateUITests.xctest */;
			productType = "com.apple.product-type.bundle.ui-testing";
		};
/* End PBXNativeTarget section */

/* Begin PBXProject section */
		ACE94F842A1D2B0C0028E20B /* Project object */ = {
			isa = PBXProject;
			attributes = {
				BuildIndependentTargetsInParallel = 1;
				LastSwiftUpdateCheck = 1430;
				LastUpgradeCheck = 1430;
				TargetAttributes = {
					ACE94F8B2A1D2B0C0028E20B = {
						CreatedOnToolsVersion = 14.3;
					};
					ACE94F9B2A1D2B0D0028E20B = {
						CreatedOnToolsVersion = 14.3;
						TestTargetID = ACE94F8B2A1D2B0C0028E20B;
					};
					ACE94FA52A1D2B0D0028E20B = {
						CreatedOnToolsVersion = 14.3;
						TestTargetID = ACE94F8B2A1D2B0C0028E20B;
					};
				};
			};
			buildConfigurationList = ACE94F872A1D2B0C0028E20B /* Build configuration list for PBXProject "OpenSwiftUIViewFromAppDelegate" */;
			compatibilityVersion = "Xcode 14.0";
			developmentRegion = en;
			hasScannedForEncodings = 0;
			knownRegions = (
				en,
				Base,
			);
			mainGroup = ACE94F832A1D2B0C0028E20B;
			productRefGroup = ACE94F8D2A1D2B0C0028E20B /* Products */;
			projectDirPath = "";
			projectRoot = "";
			targets = (
				ACE94F8B2A1D2B0C0028E20B /* OpenSwiftUIViewFromAppDelegate */,
				ACE94F9B2A1D2B0D0028E20B /* OpenSwiftUIViewFromAppDelegateTests */,
				ACE94FA52A1D2B0D0028E20B /* OpenSwiftUIViewFromAppDelegateUITests */,
			);
		};
/* End PBXProject section */

/* Begin PBXResourcesBuildPhase section */
		ACE94F8A2A1D2B0C0028E20B /* Resources */ = {
			isa = PBXResourcesBuildPhase;
			buildActionMask = 2147483647;
			files = (
				ACE94F972A1D2B0D0028E20B /* Preview Assets.xcassets in Resources */,
				ACE94F942A1D2B0D0028E20B /* Assets.xcassets in Resources */,
			);
			runOnlyForDeploymentPostprocessing = 0;
		};
		ACE94F9A2A1D2B0D0028E20B /* Resources */ = {
			isa = PBXResourcesBuildPhase;
			buildActionMask = 2147483647;
			files = (
			);
			runOnlyForDeploymentPostprocessing = 0;
		};
		ACE94FA42A1D2B0D0028E20B /* Resources */ = {
			isa = PBXResourcesBuildPhase;
			buildActionMask = 2147483647;
			files = (
			);
			runOnlyForDeploymentPostprocessing = 0;
		};
/* End PBXResourcesBuildPhase section */

/* Begin PBXSourcesBuildPhase section */
		ACE94F882A1D2B0C0028E20B /* Sources */ = {
			isa = PBXSourcesBuildPhase;
			buildActionMask = 2147483647;
			files = (
				AC7CC64D2A1EA988007EF962 /* OnReceiveView.swift in Sources */,
				ACE94FBC2A1D2BA40028E20B /* AppDelegate.swift in Sources */,
				AC7CC6512A1FAC2B007EF962 /* MyNavView.swift in Sources */,
				AC5147862A29003A000CF39D /* Subviews.swift in Sources */,
				ACE94FC12A1D40050028E20B /* AppleColorView.swift in Sources */,
				AC5147842A28FFE2000CF39D /* Card.swift in Sources */,
				ACE94FBE2A1D35980028E20B /* Dest.swift in Sources */,
				AC7CC64F2A1EB4C0007EF962 /* ChangeView.swift in Sources */,
				ACE94FC52A1D5D2C0028E20B /* SelectionBasedNavView.swift in Sources */,
				ACE94FBA2A1D2B4C0028E20B /* AppState.swift in Sources */,
				ACE94F922A1D2B0C0028E20B /* DeprecatedNavigationView.swift in Sources */,
				AC5147822A28FF9B000CF39D /* Route.swift in Sources */,
				ACE94FC32A1D55A20028E20B /* ColorDetail.swift in Sources */,
				ACE94F902A1D2B0C0028E20B /* OpenSwiftUIViewFromAppDelegateApp.swift in Sources */,
			);
			runOnlyForDeploymentPostprocessing = 0;
		};
		ACE94F982A1D2B0D0028E20B /* Sources */ = {
			isa = PBXSourcesBuildPhase;
			buildActionMask = 2147483647;
			files = (
				ACE94FA12A1D2B0D0028E20B /* OpenSwiftUIViewFromAppDelegateTests.swift in Sources */,
			);
			runOnlyForDeploymentPostprocessing = 0;
		};
		ACE94FA22A1D2B0D0028E20B /* Sources */ = {
			isa = PBXSourcesBuildPhase;
			buildActionMask = 2147483647;
			files = (
				ACE94FAD2A1D2B0D0028E20B /* OpenSwiftUIViewFromAppDelegateUITestsLaunchTests.swift in Sources */,
				ACE94FAB2A1D2B0D0028E20B /* OpenSwiftUIViewFromAppDelegateUITests.swift in Sources */,
			);
			runOnlyForDeploymentPostprocessing = 0;
		};
/* End PBXSourcesBuildPhase section */

/* Begin PBXTargetDependency section */
		ACE94F9E2A1D2B0D0028E20B /* PBXTargetDependency */ = {
			isa = PBXTargetDependency;
			target = ACE94F8B2A1D2B0C0028E20B /* OpenSwiftUIViewFromAppDelegate */;
			targetProxy = ACE94F9D2A1D2B0D0028E20B /* PBXContainerItemProxy */;
		};
		ACE94FA82A1D2B0D0028E20B /* PBXTargetDependency */ = {
			isa = PBXTargetDependency;
			target = ACE94F8B2A1D2B0C0028E20B /* OpenSwiftUIViewFromAppDelegate */;
			targetProxy = ACE94FA72A1D2B0D0028E20B /* PBXContainerItemProxy */;
		};
/* End PBXTargetDependency section */

/* Begin XCBuildConfiguration section */
		ACE94FAE2A1D2B0D0028E20B /* Debug */ = {
			isa = XCBuildConfiguration;
			buildSettings = {
				ALWAYS_SEARCH_USER_PATHS = NO;
				CLANG_ANALYZER_NONNULL = YES;
				CLANG_ANALYZER_NUMBER_OBJECT_CONVERSION = YES_AGGRESSIVE;
				CLANG_CXX_LANGUAGE_STANDARD = "gnu++20";
				CLANG_ENABLE_MODULES = YES;
				CLANG_ENABLE_OBJC_ARC = YES;
				CLANG_ENABLE_OBJC_WEAK = YES;
				CLANG_WARN_BLOCK_CAPTURE_AUTORELEASING = YES;
				CLANG_WARN_BOOL_CONVERSION = YES;
				CLANG_WARN_COMMA = YES;
				CLANG_WARN_CONSTANT_CONVERSION = YES;
				CLANG_WARN_DEPRECATED_OBJC_IMPLEMENTATIONS = YES;
				CLANG_WARN_DIRECT_OBJC_ISA_USAGE = YES_ERROR;
				CLANG_WARN_DOCUMENTATION_COMMENTS = YES;
				CLANG_WARN_EMPTY_BODY = YES;
				CLANG_WARN_ENUM_CONVERSION = YES;
				CLANG_WARN_INFINITE_RECURSION = YES;
				CLANG_WARN_INT_CONVERSION = YES;
				CLANG_WARN_NON_LITERAL_NULL_CONVERSION = YES;
				CLANG_WARN_OBJC_IMPLICIT_RETAIN_SELF = YES;
				CLANG_WARN_OBJC_LITERAL_CONVERSION = YES;
				CLANG_WARN_OBJC_ROOT_CLASS = YES_ERROR;
				CLANG_WARN_QUOTED_INCLUDE_IN_FRAMEWORK_HEADER = YES;
				CLANG_WARN_RANGE_LOOP_ANALYSIS = YES;
				CLANG_WARN_STRICT_PROTOTYPES = YES;
				CLANG_WARN_SUSPICIOUS_MOVE = YES;
				CLANG_WARN_UNGUARDED_AVAILABILITY = YES_AGGRESSIVE;
				CLANG_WARN_UNREACHABLE_CODE = YES;
				CLANG_WARN__DUPLICATE_METHOD_MATCH = YES;
				COPY_PHASE_STRIP = NO;
				DEBUG_INFORMATION_FORMAT = dwarf;
				ENABLE_STRICT_OBJC_MSGSEND = YES;
				ENABLE_TESTABILITY = YES;
				GCC_C_LANGUAGE_STANDARD = gnu11;
				GCC_DYNAMIC_NO_PIC = NO;
				GCC_NO_COMMON_BLOCKS = YES;
				GCC_OPTIMIZATION_LEVEL = 0;
				GCC_PREPROCESSOR_DEFINITIONS = (
					"DEBUG=1",
					"$(inherited)",
				);
				GCC_WARN_64_TO_32_BIT_CONVERSION = YES;
				GCC_WARN_ABOUT_RETURN_TYPE = YES_ERROR;
				GCC_WARN_UNDECLARED_SELECTOR = YES;
				GCC_WARN_UNINITIALIZED_AUTOS = YES_AGGRESSIVE;
				GCC_WARN_UNUSED_FUNCTION = YES;
				GCC_WARN_UNUSED_VARIABLE = YES;
				IPHONEOS_DEPLOYMENT_TARGET = 16.4;
				MTL_ENABLE_DEBUG_INFO = INCLUDE_SOURCE;
				MTL_FAST_MATH = YES;
				ONLY_ACTIVE_ARCH = YES;
				SDKROOT = iphoneos;
				SWIFT_ACTIVE_COMPILATION_CONDITIONS = DEBUG;
				SWIFT_OPTIMIZATION_LEVEL = "-Onone";
			};
			name = Debug;
		};
		ACE94FAF2A1D2B0D0028E20B /* Release */ = {
			isa = XCBuildConfiguration;
			buildSettings = {
				ALWAYS_SEARCH_USER_PATHS = NO;
				CLANG_ANALYZER_NONNULL = YES;
				CLANG_ANALYZER_NUMBER_OBJECT_CONVERSION = YES_AGGRESSIVE;
				CLANG_CXX_LANGUAGE_STANDARD = "gnu++20";
				CLANG_ENABLE_MODULES = YES;
				CLANG_ENABLE_OBJC_ARC = YES;
				CLANG_ENABLE_OBJC_WEAK = YES;
				CLANG_WARN_BLOCK_CAPTURE_AUTORELEASING = YES;
				CLANG_WARN_BOOL_CONVERSION = YES;
				CLANG_WARN_COMMA = YES;
				CLANG_WARN_CONSTANT_CONVERSION = YES;
				CLANG_WARN_DEPRECATED_OBJC_IMPLEMENTATIONS = YES;
				CLANG_WARN_DIRECT_OBJC_ISA_USAGE = YES_ERROR;
				CLANG_WARN_DOCUMENTATION_COMMENTS = YES;
				CLANG_WARN_EMPTY_BODY = YES;
				CLANG_WARN_ENUM_CONVERSION = YES;
				CLANG_WARN_INFINITE_RECURSION = YES;
				CLANG_WARN_INT_CONVERSION = YES;
				CLANG_WARN_NON_LITERAL_NULL_CONVERSION = YES;
				CLANG_WARN_OBJC_IMPLICIT_RETAIN_SELF = YES;
				CLANG_WARN_OBJC_LITERAL_CONVERSION = YES;
				CLANG_WARN_OBJC_ROOT_CLASS = YES_ERROR;
				CLANG_WARN_QUOTED_INCLUDE_IN_FRAMEWORK_HEADER = YES;
				CLANG_WARN_RANGE_LOOP_ANALYSIS = YES;
				CLANG_WARN_STRICT_PROTOTYPES = YES;
				CLANG_WARN_SUSPICIOUS_MOVE = YES;
				CLANG_WARN_UNGUARDED_AVAILABILITY = YES_AGGRESSIVE;
				CLANG_WARN_UNREACHABLE_CODE = YES;
				CLANG_WARN__DUPLICATE_METHOD_MATCH = YES;
				COPY_PHASE_STRIP = NO;
				DEBUG_INFORMATION_FORMAT = "dwarf-with-dsym";
				ENABLE_NS_ASSERTIONS = NO;
				ENABLE_STRICT_OBJC_MSGSEND = YES;
				GCC_C_LANGUAGE_STANDARD = gnu11;
				GCC_NO_COMMON_BLOCKS = YES;
				GCC_WARN_64_TO_32_BIT_CONVERSION = YES;
				GCC_WARN_ABOUT_RETURN_TYPE = YES_ERROR;
				GCC_WARN_UNDECLARED_SELECTOR = YES;
				GCC_WARN_UNINITIALIZED_AUTOS = YES_AGGRESSIVE;
				GCC_WARN_UNUSED_FUNCTION = YES;
				GCC_WARN_UNUSED_VARIABLE = YES;
				IPHONEOS_DEPLOYMENT_TARGET = 16.4;
				MTL_ENABLE_DEBUG_INFO = NO;
				MTL_FAST_MATH = YES;
				SDKROOT = iphoneos;
				SWIFT_COMPILATION_MODE = wholemodule;
				SWIFT_OPTIMIZATION_LEVEL = "-O";
				VALIDATE_PRODUCT = YES;
			};
			name = Release;
		};
		ACE94FB12A1D2B0D0028E20B /* Debug */ = {
			isa = XCBuildConfiguration;
			buildSettings = {
				ASSETCATALOG_COMPILER_APPICON_NAME = AppIcon;
				ASSETCATALOG_COMPILER_GLOBAL_ACCENT_COLOR_NAME = AccentColor;
				CODE_SIGN_STYLE = Automatic;
				CURRENT_PROJECT_VERSION = 1;
				DEVELOPMENT_ASSET_PATHS = "\"OpenSwiftUIViewFromAppDelegate/Preview Content\"";
				DEVELOPMENT_TEAM = 6QY69PUF72;
				ENABLE_PREVIEWS = YES;
				GENERATE_INFOPLIST_FILE = YES;
				INFOPLIST_KEY_UIApplicationSceneManifest_Generation = YES;
				INFOPLIST_KEY_UIApplicationSupportsIndirectInputEvents = YES;
				INFOPLIST_KEY_UILaunchScreen_Generation = YES;
				INFOPLIST_KEY_UISupportedInterfaceOrientations_iPad = "UIInterfaceOrientationPortrait UIInterfaceOrientationPortraitUpsideDown UIInterfaceOrientationLandscapeLeft UIInterfaceOrientationLandscapeRight";
				INFOPLIST_KEY_UISupportedInterfaceOrientations_iPhone = "UIInterfaceOrientationPortrait UIInterfaceOrientationLandscapeLeft UIInterfaceOrientationLandscapeRight";
				LD_RUNPATH_SEARCH_PATHS = (
					"$(inherited)",
					"@executable_path/Frameworks",
				);
				MARKETING_VERSION = 1.0;
				PRODUCT_BUNDLE_IDENTIFIER = com.joybending.OpenSwiftUIViewFromAppDelegate;
				PRODUCT_NAME = "$(TARGET_NAME)";
				SWIFT_EMIT_LOC_STRINGS = YES;
				SWIFT_VERSION = 5.0;
				TARGETED_DEVICE_FAMILY = "1,2";
			};
			name = Debug;
		};
		ACE94FB22A1D2B0D0028E20B /* Release */ = {
			isa = XCBuildConfiguration;
			buildSettings = {
				ASSETCATALOG_COMPILER_APPICON_NAME = AppIcon;
				ASSETCATALOG_COMPILER_GLOBAL_ACCENT_COLOR_NAME = AccentColor;
				CODE_SIGN_STYLE = Automatic;
				CURRENT_PROJECT_VERSION = 1;
				DEVELOPMENT_ASSET_PATHS = "\"OpenSwiftUIViewFromAppDelegate/Preview Content\"";
				DEVELOPMENT_TEAM = 6QY69PUF72;
				ENABLE_PREVIEWS = YES;
				GENERATE_INFOPLIST_FILE = YES;
				INFOPLIST_KEY_UIApplicationSceneManifest_Generation = YES;
				INFOPLIST_KEY_UIApplicationSupportsIndirectInputEvents = YES;
				INFOPLIST_KEY_UILaunchScreen_Generation = YES;
				INFOPLIST_KEY_UISupportedInterfaceOrientations_iPad = "UIInterfaceOrientationPortrait UIInterfaceOrientationPortraitUpsideDown UIInterfaceOrientationLandscapeLeft UIInterfaceOrientationLandscapeRight";
				INFOPLIST_KEY_UISupportedInterfaceOrientations_iPhone = "UIInterfaceOrientationPortrait UIInterfaceOrientationLandscapeLeft UIInterfaceOrientationLandscapeRight";
				LD_RUNPATH_SEARCH_PATHS = (
					"$(inherited)",
					"@executable_path/Frameworks",
				);
				MARKETING_VERSION = 1.0;
				PRODUCT_BUNDLE_IDENTIFIER = com.joybending.OpenSwiftUIViewFromAppDelegate;
				PRODUCT_NAME = "$(TARGET_NAME)";
				SWIFT_EMIT_LOC_STRINGS = YES;
				SWIFT_VERSION = 5.0;
				TARGETED_DEVICE_FAMILY = "1,2";
			};
			name = Release;
		};
		ACE94FB42A1D2B0D0028E20B /* Debug */ = {
			isa = XCBuildConfiguration;
			buildSettings = {
				ALWAYS_EMBED_SWIFT_STANDARD_LIBRARIES = YES;
				BUNDLE_LOADER = "$(TEST_HOST)";
				CODE_SIGN_STYLE = Automatic;
				CURRENT_PROJECT_VERSION = 1;
				DEVELOPMENT_TEAM = 6QY69PUF72;
				GENERATE_INFOPLIST_FILE = YES;
				IPHONEOS_DEPLOYMENT_TARGET = 16.4;
				MARKETING_VERSION = 1.0;
				PRODUCT_BUNDLE_IDENTIFIER = com.joybending.OpenSwiftUIViewFromAppDelegateTests;
				PRODUCT_NAME = "$(TARGET_NAME)";
				SWIFT_EMIT_LOC_STRINGS = NO;
				SWIFT_VERSION = 5.0;
				TARGETED_DEVICE_FAMILY = "1,2";
				TEST_HOST = "$(BUILT_PRODUCTS_DIR)/OpenSwiftUIViewFromAppDelegate.app/$(BUNDLE_EXECUTABLE_FOLDER_PATH)/OpenSwiftUIViewFromAppDelegate";
			};
			name = Debug;
		};
		ACE94FB52A1D2B0D0028E20B /* Release */ = {
			isa = XCBuildConfiguration;
			buildSettings = {
				ALWAYS_EMBED_SWIFT_STANDARD_LIBRARIES = YES;
				BUNDLE_LOADER = "$(TEST_HOST)";
				CODE_SIGN_STYLE = Automatic;
				CURRENT_PROJECT_VERSION = 1;
				DEVELOPMENT_TEAM = 6QY69PUF72;
				GENERATE_INFOPLIST_FILE = YES;
				IPHONEOS_DEPLOYMENT_TARGET = 16.4;
				MARKETING_VERSION = 1.0;
				PRODUCT_BUNDLE_IDENTIFIER = com.joybending.OpenSwiftUIViewFromAppDelegateTests;
				PRODUCT_NAME = "$(TARGET_NAME)";
				SWIFT_EMIT_LOC_STRINGS = NO;
				SWIFT_VERSION = 5.0;
				TARGETED_DEVICE_FAMILY = "1,2";
				TEST_HOST = "$(BUILT_PRODUCTS_DIR)/OpenSwiftUIViewFromAppDelegate.app/$(BUNDLE_EXECUTABLE_FOLDER_PATH)/OpenSwiftUIViewFromAppDelegate";
			};
			name = Release;
		};
		ACE94FB72A1D2B0D0028E20B /* Debug */ = {
			isa = XCBuildConfiguration;
			buildSettings = {
				ALWAYS_EMBED_SWIFT_STANDARD_LIBRARIES = YES;
				CODE_SIGN_STYLE = Automatic;
				CURRENT_PROJECT_VERSION = 1;
				DEVELOPMENT_TEAM = 6QY69PUF72;
				GENERATE_INFOPLIST_FILE = YES;
				MARKETING_VERSION = 1.0;
				PRODUCT_BUNDLE_IDENTIFIER = com.joybending.OpenSwiftUIViewFromAppDelegateUITests;
				PRODUCT_NAME = "$(TARGET_NAME)";
				SWIFT_EMIT_LOC_STRINGS = NO;
				SWIFT_VERSION = 5.0;
				TARGETED_DEVICE_FAMILY = "1,2";
				TEST_TARGET_NAME = OpenSwiftUIViewFromAppDelegate;
			};
			name = Debug;
		};
		ACE94FB82A1D2B0D0028E20B /* Release */ = {
			isa = XCBuildConfiguration;
			buildSettings = {
				ALWAYS_EMBED_SWIFT_STANDARD_LIBRARIES = YES;
				CODE_SIGN_STYLE = Automatic;
				CURRENT_PROJECT_VERSION = 1;
				DEVELOPMENT_TEAM = 6QY69PUF72;
				GENERATE_INFOPLIST_FILE = YES;
				MARKETING_VERSION = 1.0;
				PRODUCT_BUNDLE_IDENTIFIER = com.joybending.OpenSwiftUIViewFromAppDelegateUITests;
				PRODUCT_NAME = "$(TARGET_NAME)";
				SWIFT_EMIT_LOC_STRINGS = NO;
				SWIFT_VERSION = 5.0;
				TARGETED_DEVICE_FAMILY = "1,2";
				TEST_TARGET_NAME = OpenSwiftUIViewFromAppDelegate;
			};
			name = Release;
		};
/* End XCBuildConfiguration section */

/* Begin XCConfigurationList section */
		ACE94F872A1D2B0C0028E20B /* Build configuration list for PBXProject "OpenSwiftUIViewFromAppDelegate" */ = {
			isa = XCConfigurationList;
			buildConfigurations = (
				ACE94FAE2A1D2B0D0028E20B /* Debug */,
				ACE94FAF2A1D2B0D0028E20B /* Release */,
			);
			defaultConfigurationIsVisible = 0;
			defaultConfigurationName = Release;
		};
		ACE94FB02A1D2B0D0028E20B /* Build configuration list for PBXNativeTarget "OpenSwiftUIViewFromAppDelegate" */ = {
			isa = XCConfigurationList;
			buildConfigurations = (
				ACE94FB12A1D2B0D0028E20B /* Debug */,
				ACE94FB22A1D2B0D0028E20B /* Release */,
			);
			defaultConfigurationIsVisible = 0;
			defaultConfigurationName = Release;
		};
		ACE94FB32A1D2B0D0028E20B /* Build configuration list for PBXNativeTarget "OpenSwiftUIViewFromAppDelegateTests" */ = {
			isa = XCConfigurationList;
			buildConfigurations = (
				ACE94FB42A1D2B0D0028E20B /* Debug */,
				ACE94FB52A1D2B0D0028E20B /* Release */,
			);
			defaultConfigurationIsVisible = 0;
			defaultConfigurationName = Release;
		};
		ACE94FB62A1D2B0D0028E20B /* Build configuration list for PBXNativeTarget "OpenSwiftUIViewFromAppDelegateUITests" */ = {
			isa = XCConfigurationList;
			buildConfigurations = (
				ACE94FB72A1D2B0D0028E20B /* Debug */,
				ACE94FB82A1D2B0D0028E20B /* Release */,
			);
			defaultConfigurationIsVisible = 0;
			defaultConfigurationName = Release;
		};
/* End XCConfigurationList section */
	};
	rootObject = ACE94F842A1D2B0C0028E20B /* Project object */;
}
